
Microsoft Visual Studio Solution File, Format Version 12.00
# Visual Studio Version 17
VisualStudioVersion = 17.13.35828.75 d17.13
MinimumVisualStudioVersion = 10.0.40219.1
Project("{FAE04EC0-301F-11D3-BF4B-00C04F79EFBC}") = "Flowey.API", "Flowey.API\Flowey.API.csproj", "{93C44D64-A730-4DCD-884D-43734D8C4379}"
EndProject
Project("{FAE04EC0-301F-11D3-BF4B-00C04F79EFBC}") = "Flowey.DOMAIN", "Flowey.DOMAIN\Flowey.DOMAIN.csproj", "{B3780651-A2E7-4799-B8F0-3BDA8D0E5D67}"
EndProject
Project("{FAE04EC0-301F-11D3-BF4B-00C04F79EFBC}") = "Flowey.CORE", "Flowey.CORE\Flowey.CORE.csproj", "{CDD029CB-012E-45C9-BE53-6A8CE4B9D460}"
EndProject
Project("{FAE04EC0-301F-11D3-BF4B-00C04F79EFBC}") = "Flowey.DATACCESS", "Flowey.DATACCESS\Flowey.DATACCESS.csproj", "{95F5B3F8-030A-4AA0-8CA1-87982644C76E}"
EndProject
Project("{FAE04EC0-301F-11D3-BF4B-00C04F79EFBC}") = "Flowey.BUSINESS", "Flowey.BUSINESS\Flowey.BUSINESS.csproj", "{EE95D099-10CD-4335-9651-B52F93B9A46B}"
EndProject
Global
	GlobalSection(SolutionConfigurationPlatforms) = preSolution
		Debug|Any CPU = Debug|Any CPU
		Release|Any CPU = Release|Any CPU
	EndGlobalSection
	GlobalSection(ProjectConfigurationPlatforms) = postSolution
		{93C44D64-A730-4DCD-884D-43734D8C4379}.Debug|Any CPU.ActiveCfg = Debug|Any CPU
		{93C44D64-A730-4DCD-884D-43734D8C4379}.Debug|Any CPU.Build.0 = Debug|Any CPU
		{93C44D64-A730-4DCD-884D-43734D8C4379}.Release|Any CPU.ActiveCfg = Release|Any CPU
		{93C44D64-A730-4DCD-884D-43734D8C4379}.Release|Any CPU.Build.0 = Release|Any CPU
		{B3780651-A2E7-4799-B8F0-3BDA8D0E5D67}.Debug|Any CPU.ActiveCfg = Debug|Any CPU
		{B3780651-A2E7-4799-B8F0-3BDA8D0E5D67}.Debug|Any CPU.Build.0 = Debug|Any CPU
		{B3780651-A2E7-4799-B8F0-3BDA8D0E5D67}.Release|Any CPU.ActiveCfg = Release|Any CPU
		{B3780651-A2E7-4799-B8F0-3BDA8D0E5D67}.Release|Any CPU.Build.0 = Release|Any CPU
		{CDD029CB-012E-45C9-BE53-6A8CE4B9D460}.Debug|Any CPU.ActiveCfg = Debug|Any CPU
		{CDD029CB-012E-45C9-BE53-6A8CE4B9D460}.Debug|Any CPU.Build.0 = Debug|Any CPU
		{CDD029CB-012E-45C9-BE53-6A8CE4B9D460}.Release|Any CPU.ActiveCfg = Release|Any CPU
		{CDD029CB-012E-45C9-BE53-6A8CE4B9D460}.Release|Any CPU.Build.0 = Release|Any CPU
		{95F5B3F8-030A-4AA0-8CA1-87982644C76E}.Debug|Any CPU.ActiveCfg = Debug|Any CPU
		{95F5B3F8-030A-4AA0-8CA1-87982644C76E}.Debug|Any CPU.Build.0 = Debug|Any CPU
		{95F5B3F8-030A-4AA0-8CA1-87982644C76E}.Release|Any CPU.ActiveCfg = Release|Any CPU
		{95F5B3F8-030A-4AA0-8CA1-87982644C76E}.Release|Any CPU.Build.0 = Release|Any CPU
		{EE95D099-10CD-4335-9651-B52F93B9A46B}.Debug|Any CPU.ActiveCfg = Debug|Any CPU
		{EE95D099-10CD-4335-9651-B52F93B9A46B}.Debug|Any CPU.Build.0 = Debug|Any CPU
		{EE95D099-10CD-4335-9651-B52F93B9A46B}.Release|Any CPU.ActiveCfg = Release|Any CPU
		{EE95D099-10CD-4335-9651-B52F93B9A46B}.Release|Any CPU.Build.0 = Release|Any CPU
	EndGlobalSection
	GlobalSection(SolutionProperties) = preSolution
		HideSolutionNode = FALSE
	EndGlobalSection
	GlobalSection(ExtensibilityGlobals) = postSolution
		SolutionGuid = {7249407E-5CA6-45D7-81A8-7FF910E3B709}
	EndGlobalSection
EndGlobal
